
Microsoft Visual Studio Solution File, Format Version 12.00
# Visual Studio Version 17
VisualStudioVersion = 17.11.35208.52
MinimumVisualStudioVersion = 10.0.40219.1
Project("{FAE04EC0-301F-11D3-BF4B-00C04F79EFBC}") = "quanlynhanvien", "quanlynhanvien\quanlynhanvien.csproj", "{4A423DCB-CB6F-49A1-A912-F4275C988DA3}"
EndProject
Project("{2150E333-8FDC-42A3-9474-1A3956D46DE8}") = "Solution Items", "Solution Items", "{A5AA2415-DB9A-49C1-BD2C-BB56E7139046}"
EndProject
Global
	GlobalSection(SolutionConfigurationPlatforms) = preSolution
		Debug|Any CPU = Debug|Any CPU
		Release|Any CPU = Release|Any CPU
	EndGlobalSection
	GlobalSection(ProjectConfigurationPlatforms) = postSolution
		{4A423DCB-CB6F-49A1-A912-F4275C988DA3}.Debug|Any CPU.ActiveCfg = Debug|Any CPU
		{4A423DCB-CB6F-49A1-A912-F4275C988DA3}.Debug|Any CPU.Build.0 = Debug|Any CPU
		{4A423DCB-CB6F-49A1-A912-F4275C988DA3}.Release|Any CPU.ActiveCfg = Release|Any CPU
		{4A423DCB-CB6F-49A1-A912-F4275C988DA3}.Release|Any CPU.Build.0 = Release|Any CPU
	EndGlobalSection
	GlobalSection(SolutionProperties) = preSolution
		HideSolutionNode = FALSE
	EndGlobalSection
	GlobalSection(ExtensibilityGlobals) = postSolution
		SolutionGuid = {7F8E11CF-464F-48D9-8644-2EEFAAD52C04}
	EndGlobalSection
EndGlobal
